// !$*UTF8*$!
{
	archiveVersion = 1;
	classes = {
	};
	objectVersion = 70;
	objects = {

/* Begin PBXBuildFile section */
		D628BE402DE4D39A001ED015 /* RMGetAllCharactersResponse.swift in Sources */ = {isa = PBXBuildFile; fileRef = D628BE2D2DE4D399001ED015 /* RMGetAllCharactersResponse.swift */; };
		D628BE412DE4D39A001ED015 /* RMCharacter.swift in Sources */ = {isa = PBXBuildFile; fileRef = D628BE2F2DE4D399001ED015 /* RMCharacter.swift */; };
		D628BE422DE4D39A001ED015 /* RMCharacterGender.swift in Sources */ = {isa = PBXBuildFile; fileRef = D628BE302DE4D399001ED015 /* RMCharacterGender.swift */; };
		D628BE432DE4D39A001ED015 /* RMCharacterStatus.swift in Sources */ = {isa = PBXBuildFile; fileRef = D628BE312DE4D399001ED015 /* RMCharacterStatus.swift */; };
		D628BE442DE4D39A001ED015 /* RMEpisode.swift in Sources */ = {isa = PBXBuildFile; fileRef = D628BE322DE4D399001ED015 /* RMEpisode.swift */; };
		D628BE452DE4D39A001ED015 /* RMLocation.swift in Sources */ = {isa = PBXBuildFile; fileRef = D628BE332DE4D399001ED015 /* RMLocation.swift */; };
		D628BE462DE4D39A001ED015 /* RMOrigin.swift in Sources */ = {isa = PBXBuildFile; fileRef = D628BE342DE4D399001ED015 /* RMOrigin.swift */; };
		D628BE472DE4D39A001ED015 /* RMSingleLocation.swift in Sources */ = {isa = PBXBuildFile; fileRef = D628BE352DE4D399001ED015 /* RMSingleLocation.swift */; };
		D628BE502DE4D45B001ED015 /* RMCharacterListViewViewModel.swift in Sources */ = {isa = PBXBuildFile; fileRef = D628BE4F2DE4D45B001ED015 /* RMCharacterListViewViewModel.swift */; };
		D628BE522DE4D46A001ED015 /* RMCharacterListView.swift in Sources */ = {isa = PBXBuildFile; fileRef = D628BE512DE4D46A001ED015 /* RMCharacterListView.swift */; };
		D628BE542DE4D4F2001ED015 /* Extensions.swift in Sources */ = {isa = PBXBuildFile; fileRef = D628BE532DE4D4F2001ED015 /* Extensions.swift */; };
		D628BE562DE51911001ED015 /* RMCharacterCollectionViewCell.swift in Sources */ = {isa = PBXBuildFile; fileRef = D628BE552DE51911001ED015 /* RMCharacterCollectionViewCell.swift */; };
		D628BE582DE51A41001ED015 /* RMCharacterCollectionViewCellViewModel.swift in Sources */ = {isa = PBXBuildFile; fileRef = D628BE572DE51A41001ED015 /* RMCharacterCollectionViewCellViewModel.swift */; };
		D66742FF2E29D05F00096FF5 /* RMCharacterDetailView.swift in Sources */ = {isa = PBXBuildFile; fileRef = D66742FE2E29D05F00096FF5 /* RMCharacterDetailView.swift */; };
		D66743012E29D07D00096FF5 /* RMCharacterDetailViewModel.swift in Sources */ = {isa = PBXBuildFile; fileRef = D66743002E29D07D00096FF5 /* RMCharacterDetailViewModel.swift */; };
		D66743032E31940F00096FF5 /* RMFooterLoadingCollectionReusableView.swift in Sources */ = {isa = PBXBuildFile; fileRef = D66743022E31940F00096FF5 /* RMFooterLoadingCollectionReusableView.swift */; };
		D6FF3D372D7FA15100C7DE64 /* AppDelegate.swift in Sources */ = {isa = PBXBuildFile; fileRef = D6FF3D362D7FA15100C7DE64 /* AppDelegate.swift */; };
		D6FF3D392D7FA15100C7DE64 /* SceneDelegate.swift in Sources */ = {isa = PBXBuildFile; fileRef = D6FF3D382D7FA15100C7DE64 /* SceneDelegate.swift */; };
		D6FF3D3B2D7FA15100C7DE64 /* RMTabViewController.swift in Sources */ = {isa = PBXBuildFile; fileRef = D6FF3D3A2D7FA15100C7DE64 /* RMTabViewController.swift */; };
		D6FF3D402D7FA15300C7DE64 /* Assets.xcassets in Resources */ = {isa = PBXBuildFile; fileRef = D6FF3D3F2D7FA15300C7DE64 /* Assets.xcassets */; };
		D6FF3D432D7FA15300C7DE64 /* Base in Resources */ = {isa = PBXBuildFile; fileRef = D6FF3D422D7FA15300C7DE64 /* Base */; };
		D6FF3D592D7FBA9F00C7DE64 /* RMCharacterViewController.swift in Sources */ = {isa = PBXBuildFile; fileRef = D6FF3D582D7FBA9F00C7DE64 /* RMCharacterViewController.swift */; };
		D6FF3D5B2D7FBAB700C7DE64 /* RMEpisodeViewController.swift in Sources */ = {isa = PBXBuildFile; fileRef = D6FF3D5A2D7FBAB700C7DE64 /* RMEpisodeViewController.swift */; };
		D6FF3D5D2D7FBAC800C7DE64 /* RMLocationViewController.swift in Sources */ = {isa = PBXBuildFile; fileRef = D6FF3D5C2D7FBAC800C7DE64 /* RMLocationViewController.swift */; };
		D6FF3D5F2D7FBAD500C7DE64 /* RMSettingsViewController.swift in Sources */ = {isa = PBXBuildFile; fileRef = D6FF3D5E2D7FBAD500C7DE64 /* RMSettingsViewController.swift */; };
		D6FF3D612D7FD04D00C7DE64 /* RMService.swift in Sources */ = {isa = PBXBuildFile; fileRef = D6FF3D602D7FD04D00C7DE64 /* RMService.swift */; };
		D6FF3D632D7FD05E00C7DE64 /* RMRequest.swift in Sources */ = {isa = PBXBuildFile; fileRef = D6FF3D622D7FD05E00C7DE64 /* RMRequest.swift */; };
		D6FF3D652D7FD0BF00C7DE64 /* RMEndpoint.swift in Sources */ = {isa = PBXBuildFile; fileRef = D6FF3D642D7FD0BF00C7DE64 /* RMEndpoint.swift */; };
/* End PBXBuildFile section */

/* Begin PBXFileReference section */
		D628BE2D2DE4D399001ED015 /* RMGetAllCharactersResponse.swift */ = {isa = PBXFileReference; fileEncoding = 4; lastKnownFileType = sourcecode.swift; path = RMGetAllCharactersResponse.swift; sourceTree = "<group>"; };
		D628BE2F2DE4D399001ED015 /* RMCharacter.swift */ = {isa = PBXFileReference; fileEncoding = 4; lastKnownFileType = sourcecode.swift; path = RMCharacter.swift; sourceTree = "<group>"; };
		D628BE302DE4D399001ED015 /* RMCharacterGender.swift */ = {isa = PBXFileReference; fileEncoding = 4; lastKnownFileType = sourcecode.swift; path = RMCharacterGender.swift; sourceTree = "<group>"; };
		D628BE312DE4D399001ED015 /* RMCharacterStatus.swift */ = {isa = PBXFileReference; fileEncoding = 4; lastKnownFileType = sourcecode.swift; path = RMCharacterStatus.swift; sourceTree = "<group>"; };
		D628BE322DE4D399001ED015 /* RMEpisode.swift */ = {isa = PBXFileReference; fileEncoding = 4; lastKnownFileType = sourcecode.swift; path = RMEpisode.swift; sourceTree = "<group>"; };
		D628BE332DE4D399001ED015 /* RMLocation.swift */ = {isa = PBXFileReference; fileEncoding = 4; lastKnownFileType = sourcecode.swift; path = RMLocation.swift; sourceTree = "<group>"; };
		D628BE342DE4D399001ED015 /* RMOrigin.swift */ = {isa = PBXFileReference; fileEncoding = 4; lastKnownFileType = sourcecode.swift; path = RMOrigin.swift; sourceTree = "<group>"; };
		D628BE352DE4D399001ED015 /* RMSingleLocation.swift */ = {isa = PBXFileReference; fileEncoding = 4; lastKnownFileType = sourcecode.swift; path = RMSingleLocation.swift; sourceTree = "<group>"; };
		D628BE4F2DE4D45B001ED015 /* RMCharacterListViewViewModel.swift */ = {isa = PBXFileReference; fileEncoding = 4; lastKnownFileType = sourcecode.swift; path = RMCharacterListViewViewModel.swift; sourceTree = "<group>"; };
		D628BE512DE4D46A001ED015 /* RMCharacterListView.swift */ = {isa = PBXFileReference; fileEncoding = 4; lastKnownFileType = sourcecode.swift; path = RMCharacterListView.swift; sourceTree = "<group>"; };
		D628BE532DE4D4F2001ED015 /* Extensions.swift */ = {isa = PBXFileReference; fileEncoding = 4; lastKnownFileType = sourcecode.swift; path = Extensions.swift; sourceTree = "<group>"; };
		D628BE552DE51911001ED015 /* RMCharacterCollectionViewCell.swift */ = {isa = PBXFileReference; lastKnownFileType = sourcecode.swift; path = RMCharacterCollectionViewCell.swift; sourceTree = "<group>"; };
		D628BE572DE51A41001ED015 /* RMCharacterCollectionViewCellViewModel.swift */ = {isa = PBXFileReference; lastKnownFileType = sourcecode.swift; path = RMCharacterCollectionViewCellViewModel.swift; sourceTree = "<group>"; };
		D66742FE2E29D05F00096FF5 /* RMCharacterDetailView.swift */ = {isa = PBXFileReference; lastKnownFileType = sourcecode.swift; path = RMCharacterDetailView.swift; sourceTree = "<group>"; };
		D66743002E29D07D00096FF5 /* RMCharacterDetailViewModel.swift */ = {isa = PBXFileReference; lastKnownFileType = sourcecode.swift; path = RMCharacterDetailViewModel.swift; sourceTree = "<group>"; };
		D66743022E31940F00096FF5 /* RMFooterLoadingCollectionReusableView.swift */ = {isa = PBXFileReference; lastKnownFileType = sourcecode.swift; path = RMFooterLoadingCollectionReusableView.swift; sourceTree = "<group>"; };
		D6FF3D332D7FA15100C7DE64 /* RickAndMorty.app */ = {isa = PBXFileReference; explicitFileType = wrapper.application; includeInIndex = 0; path = RickAndMorty.app; sourceTree = BUILT_PRODUCTS_DIR; };
		D6FF3D362D7FA15100C7DE64 /* AppDelegate.swift */ = {isa = PBXFileReference; lastKnownFileType = sourcecode.swift; path = AppDelegate.swift; sourceTree = "<group>"; };
		D6FF3D382D7FA15100C7DE64 /* SceneDelegate.swift */ = {isa = PBXFileReference; lastKnownFileType = sourcecode.swift; path = SceneDelegate.swift; sourceTree = "<group>"; };
		D6FF3D3A2D7FA15100C7DE64 /* RMTabViewController.swift */ = {isa = PBXFileReference; lastKnownFileType = sourcecode.swift; path = RMTabViewController.swift; sourceTree = "<group>"; };
		D6FF3D3F2D7FA15300C7DE64 /* Assets.xcassets */ = {isa = PBXFileReference; lastKnownFileType = folder.assetcatalog; path = Assets.xcassets; sourceTree = "<group>"; };
		D6FF3D422D7FA15300C7DE64 /* Base */ = {isa = PBXFileReference; lastKnownFileType = file.storyboard; name = Base; path = Base.lproj/LaunchScreen.storyboard; sourceTree = "<group>"; };
		D6FF3D442D7FA15300C7DE64 /* Info.plist */ = {isa = PBXFileReference; lastKnownFileType = text.plist.xml; path = Info.plist; sourceTree = "<group>"; };
		D6FF3D582D7FBA9F00C7DE64 /* RMCharacterViewController.swift */ = {isa = PBXFileReference; lastKnownFileType = sourcecode.swift; path = RMCharacterViewController.swift; sourceTree = "<group>"; };
		D6FF3D5A2D7FBAB700C7DE64 /* RMEpisodeViewController.swift */ = {isa = PBXFileReference; lastKnownFileType = sourcecode.swift; path = RMEpisodeViewController.swift; sourceTree = "<group>"; };
		D6FF3D5C2D7FBAC800C7DE64 /* RMLocationViewController.swift */ = {isa = PBXFileReference; lastKnownFileType = sourcecode.swift; path = RMLocationViewController.swift; sourceTree = "<group>"; };
		D6FF3D5E2D7FBAD500C7DE64 /* RMSettingsViewController.swift */ = {isa = PBXFileReference; lastKnownFileType = sourcecode.swift; path = RMSettingsViewController.swift; sourceTree = "<group>"; };
		D6FF3D602D7FD04D00C7DE64 /* RMService.swift */ = {isa = PBXFileReference; lastKnownFileType = sourcecode.swift; path = RMService.swift; sourceTree = "<group>"; };
		D6FF3D622D7FD05E00C7DE64 /* RMRequest.swift */ = {isa = PBXFileReference; lastKnownFileType = sourcecode.swift; path = RMRequest.swift; sourceTree = "<group>"; };
		D6FF3D642D7FD0BF00C7DE64 /* RMEndpoint.swift */ = {isa = PBXFileReference; lastKnownFileType = sourcecode.swift; path = RMEndpoint.swift; sourceTree = "<group>"; };
/* End PBXFileReference section */

/* Begin PBXFileSystemSynchronizedRootGroup section */
		D66742FA2E29CFBB00096FF5 /* Other */ = {isa = PBXFileSystemSynchronizedRootGroup; explicitFileTypes = {}; explicitFolders = (); path = Other; sourceTree = "<group>"; };
/* End PBXFileSystemSynchronizedRootGroup section */

/* Begin PBXFrameworksBuildPhase section */
		D6FF3D302D7FA15100C7DE64 /* Frameworks */ = {
			isa = PBXFrameworksBuildPhase;
			buildActionMask = 2147483647;
			files = (
			);
			runOnlyForDeploymentPostprocessing = 0;
		};
/* End PBXFrameworksBuildPhase section */

/* Begin PBXGroup section */
		D628BE2E2DE4D399001ED015 /* APIResponseTypes */ = {
			isa = PBXGroup;
			children = (
				D628BE2D2DE4D399001ED015 /* RMGetAllCharactersResponse.swift */,
			);
			path = APIResponseTypes;
			sourceTree = "<group>";
		};
		D628BE362DE4D399001ED015 /* DataTypes */ = {
			isa = PBXGroup;
			children = (
				D628BE2F2DE4D399001ED015 /* RMCharacter.swift */,
				D628BE302DE4D399001ED015 /* RMCharacterGender.swift */,
				D628BE312DE4D399001ED015 /* RMCharacterStatus.swift */,
				D628BE322DE4D399001ED015 /* RMEpisode.swift */,
				D628BE332DE4D399001ED015 /* RMLocation.swift */,
				D628BE342DE4D399001ED015 /* RMOrigin.swift */,
				D628BE352DE4D399001ED015 /* RMSingleLocation.swift */,
			);
			path = DataTypes;
			sourceTree = "<group>";
		};
		D628BE3F2DE4D399001ED015 /* Models */ = {
			isa = PBXGroup;
			children = (
				D628BE2E2DE4D399001ED015 /* APIResponseTypes */,
				D628BE362DE4D399001ED015 /* DataTypes */,
			);
			path = Models;
			sourceTree = "<group>";
		};
		D6FF3D2A2D7FA15100C7DE64 = {
			isa = PBXGroup;
			children = (
				D6FF3D352D7FA15100C7DE64 /* RickAndMorty */,
				D6FF3D342D7FA15100C7DE64 /* Products */,
			);
			sourceTree = "<group>";
		};
		D6FF3D342D7FA15100C7DE64 /* Products */ = {
			isa = PBXGroup;
			children = (
				D6FF3D332D7FA15100C7DE64 /* RickAndMorty.app */,
			);
			name = Products;
			sourceTree = "<group>";
		};
		D6FF3D352D7FA15100C7DE64 /* RickAndMorty */ = {
			isa = PBXGroup;
			children = (
				D6FF3D502D7FA2A300C7DE64 /* Ressources */,
				D6FF3D4F2D7FA29400C7DE64 /* Managers */,
				D6FF3D4E2D7FA28A00C7DE64 /* APIClient */,
				D628BE3F2DE4D399001ED015 /* Models */,
				D6FF3D4C2D7FA27800C7DE64 /* Views */,
				D6FF3D4B2D7FA26F00C7DE64 /* ViewModels */,
				D6FF3D4A2D7FA26700C7DE64 /* Controllers */,
				D6FF3D442D7FA15300C7DE64 /* Info.plist */,
			);
			path = RickAndMorty;
			sourceTree = "<group>";
		};
		D6FF3D4A2D7FA26700C7DE64 /* Controllers */ = {
			isa = PBXGroup;
			children = (
				D66742FA2E29CFBB00096FF5 /* Other */,
				D6FF3D572D7FBA7900C7DE64 /* Core */,
			);
			path = Controllers;
			sourceTree = "<group>";
		};
		D6FF3D4B2D7FA26F00C7DE64 /* ViewModels */ = {
			isa = PBXGroup;
			children = (
				D628BE4F2DE4D45B001ED015 /* RMCharacterListViewViewModel.swift */,
				D628BE572DE51A41001ED015 /* RMCharacterCollectionViewCellViewModel.swift */,
				D66743002E29D07D00096FF5 /* RMCharacterDetailViewModel.swift */,
			);
			path = ViewModels;
			sourceTree = "<group>";
		};
		D6FF3D4C2D7FA27800C7DE64 /* Views */ = {
			isa = PBXGroup;
			children = (
				D628BE512DE4D46A001ED015 /* RMCharacterListView.swift */,
				D628BE552DE51911001ED015 /* RMCharacterCollectionViewCell.swift */,
				D66742FE2E29D05F00096FF5 /* RMCharacterDetailView.swift */,
				D66743022E31940F00096FF5 /* RMFooterLoadingCollectionReusableView.swift */,
			);
			path = Views;
			sourceTree = "<group>";
		};
		D6FF3D4E2D7FA28A00C7DE64 /* APIClient */ = {
			isa = PBXGroup;
			children = (
				D6FF3D602D7FD04D00C7DE64 /* RMService.swift */,
				D6FF3D622D7FD05E00C7DE64 /* RMRequest.swift */,
				D6FF3D642D7FD0BF00C7DE64 /* RMEndpoint.swift */,
			);
			path = APIClient;
			sourceTree = "<group>";
		};
		D6FF3D4F2D7FA29400C7DE64 /* Managers */ = {
			isa = PBXGroup;
			children = (
			);
			path = Managers;
			sourceTree = "<group>";
		};
		D6FF3D502D7FA2A300C7DE64 /* Ressources */ = {
			isa = PBXGroup;
			children = (
				D628BE532DE4D4F2001ED015 /* Extensions.swift */,
				D6FF3D382D7FA15100C7DE64 /* SceneDelegate.swift */,
				D6FF3D412D7FA15300C7DE64 /* LaunchScreen.storyboard */,
				D6FF3D362D7FA15100C7DE64 /* AppDelegate.swift */,
				D6FF3D3F2D7FA15300C7DE64 /* Assets.xcassets */,
			);
			path = Ressources;
			sourceTree = "<group>";
		};
		D6FF3D572D7FBA7900C7DE64 /* Core */ = {
			isa = PBXGroup;
			children = (
				D6FF3D3A2D7FA15100C7DE64 /* RMTabViewController.swift */,
				D6FF3D582D7FBA9F00C7DE64 /* RMCharacterViewController.swift */,
				D6FF3D5A2D7FBAB700C7DE64 /* RMEpisodeViewController.swift */,
				D6FF3D5C2D7FBAC800C7DE64 /* RMLocationViewController.swift */,
				D6FF3D5E2D7FBAD500C7DE64 /* RMSettingsViewController.swift */,
			);
			path = Core;
			sourceTree = "<group>";
		};
/* End PBXGroup section */

/* Begin PBXNativeTarget section */
		D6FF3D322D7FA15100C7DE64 /* RickAndMorty */ = {
			isa = PBXNativeTarget;
			buildConfigurationList = D6FF3D472D7FA15300C7DE64 /* Build configuration list for PBXNativeTarget "RickAndMorty" */;
			buildPhases = (
				D6FF3D2F2D7FA15100C7DE64 /* Sources */,
				D6FF3D302D7FA15100C7DE64 /* Frameworks */,
				D6FF3D312D7FA15100C7DE64 /* Resources */,
			);
			buildRules = (
			);
			dependencies = (
			);
			fileSystemSynchronizedGroups = (
				D66742FA2E29CFBB00096FF5 /* Other */,
			);
			name = RickAndMorty;
			productName = RickAndMorty;
			productReference = D6FF3D332D7FA15100C7DE64 /* RickAndMorty.app */;
			productType = "com.apple.product-type.application";
		};
/* End PBXNativeTarget section */

/* Begin PBXProject section */
		D6FF3D2B2D7FA15100C7DE64 /* Project object */ = {
			isa = PBXProject;
			attributes = {
				BuildIndependentTargetsInParallel = 1;
				LastSwiftUpdateCheck = 1540;
				LastUpgradeCheck = 1540;
				TargetAttributes = {
					D6FF3D322D7FA15100C7DE64 = {
						CreatedOnToolsVersion = 15.4;
					};
				};
			};
			buildConfigurationList = D6FF3D2E2D7FA15100C7DE64 /* Build configuration list for PBXProject "RickAndMorty" */;
			compatibilityVersion = "Xcode 14.0";
			developmentRegion = en;
			hasScannedForEncodings = 0;
			knownRegions = (
				en,
				Base,
			);
			mainGroup = D6FF3D2A2D7FA15100C7DE64;
			productRefGroup = D6FF3D342D7FA15100C7DE64 /* Products */;
			projectDirPath = "";
			projectRoot = "";
			targets = (
				D6FF3D322D7FA15100C7DE64 /* RickAndMorty */,
			);
		};
/* End PBXProject section */

/* Begin PBXResourcesBuildPhase section */
		D6FF3D312D7FA15100C7DE64 /* Resources */ = {
			isa = PBXResourcesBuildPhase;
			buildActionMask = 2147483647;
			files = (
				D6FF3D402D7FA15300C7DE64 /* Assets.xcassets in Resources */,
				D6FF3D432D7FA15300C7DE64 /* Base in Resources */,
			);
			runOnlyForDeploymentPostprocessing = 0;
		};
/* End PBXResourcesBuildPhase section */

/* Begin PBXSourcesBuildPhase section */
		D6FF3D2F2D7FA15100C7DE64 /* Sources */ = {
			isa = PBXSourcesBuildPhase;
			buildActionMask = 2147483647;
			files = (
				D6FF3D5D2D7FBAC800C7DE64 /* RMLocationViewController.swift in Sources */,
				D628BE452DE4D39A001ED015 /* RMLocation.swift in Sources */,
				D628BE522DE4D46A001ED015 /* RMCharacterListView.swift in Sources */,
				D6FF3D592D7FBA9F00C7DE64 /* RMCharacterViewController.swift in Sources */,
				D628BE402DE4D39A001ED015 /* RMGetAllCharactersResponse.swift in Sources */,
				D6FF3D3B2D7FA15100C7DE64 /* RMTabViewController.swift in Sources */,
				D66743012E29D07D00096FF5 /* RMCharacterDetailViewModel.swift in Sources */,
				D66743032E31940F00096FF5 /* RMFooterLoadingCollectionReusableView.swift in Sources */,
				D6FF3D372D7FA15100C7DE64 /* AppDelegate.swift in Sources */,
				D6FF3D5F2D7FBAD500C7DE64 /* RMSettingsViewController.swift in Sources */,
				D6FF3D612D7FD04D00C7DE64 /* RMService.swift in Sources */,
				D628BE562DE51911001ED015 /* RMCharacterCollectionViewCell.swift in Sources */,
				D6FF3D392D7FA15100C7DE64 /* SceneDelegate.swift in Sources */,
				D628BE472DE4D39A001ED015 /* RMSingleLocation.swift in Sources */,
				D628BE442DE4D39A001ED015 /* RMEpisode.swift in Sources */,
				D628BE422DE4D39A001ED015 /* RMCharacterGender.swift in Sources */,
				D628BE542DE4D4F2001ED015 /* Extensions.swift in Sources */,
				D6FF3D652D7FD0BF00C7DE64 /* RMEndpoint.swift in Sources */,
				D628BE462DE4D39A001ED015 /* RMOrigin.swift in Sources */,
				D628BE432DE4D39A001ED015 /* RMCharacterStatus.swift in Sources */,
				D628BE412DE4D39A001ED015 /* RMCharacter.swift in Sources */,
				D628BE582DE51A41001ED015 /* RMCharacterCollectionViewCellViewModel.swift in Sources */,
				D6FF3D632D7FD05E00C7DE64 /* RMRequest.swift in Sources */,
				D628BE502DE4D45B001ED015 /* RMCharacterListViewViewModel.swift in Sources */,
				D6FF3D5B2D7FBAB700C7DE64 /* RMEpisodeViewController.swift in Sources */,
				D66742FF2E29D05F00096FF5 /* RMCharacterDetailView.swift in Sources */,
			);
			runOnlyForDeploymentPostprocessing = 0;
		};
/* End PBXSourcesBuildPhase section */

/* Begin PBXVariantGroup section */
		D6FF3D412D7FA15300C7DE64 /* LaunchScreen.storyboard */ = {
			isa = PBXVariantGroup;
			children = (
				D6FF3D422D7FA15300C7DE64 /* Base */,
			);
			name = LaunchScreen.storyboard;
			sourceTree = "<group>";
		};
/* End PBXVariantGroup section */

/* Begin XCBuildConfiguration section */
		D6FF3D452D7FA15300C7DE64 /* Debug */ = {
			isa = XCBuildConfiguration;
			buildSettings = {
				ALWAYS_SEARCH_USER_PATHS = NO;
				ASSETCATALOG_COMPILER_GENERATE_SWIFT_ASSET_SYMBOL_EXTENSIONS = YES;
				CLANG_ANALYZER_NONNULL = YES;
				CLANG_ANALYZER_NUMBER_OBJECT_CONVERSION = YES_AGGRESSIVE;
				CLANG_CXX_LANGUAGE_STANDARD = "gnu++20";
				CLANG_ENABLE_MODULES = YES;
				CLANG_ENABLE_OBJC_ARC = YES;
				CLANG_ENABLE_OBJC_WEAK = YES;
				CLANG_WARN_BLOCK_CAPTURE_AUTORELEASING = YES;
				CLANG_WARN_BOOL_CONVERSION = YES;
				CLANG_WARN_COMMA = YES;
				CLANG_WARN_CONSTANT_CONVERSION = YES;
				CLANG_WARN_DEPRECATED_OBJC_IMPLEMENTATIONS = YES;
				CLANG_WARN_DIRECT_OBJC_ISA_USAGE = YES_ERROR;
				CLANG_WARN_DOCUMENTATION_COMMENTS = YES;
				CLANG_WARN_EMPTY_BODY = YES;
				CLANG_WARN_ENUM_CONVERSION = YES;
				CLANG_WARN_INFINITE_RECURSION = YES;
				CLANG_WARN_INT_CONVERSION = YES;
				CLANG_WARN_NON_LITERAL_NULL_CONVERSION = YES;
				CLANG_WARN_OBJC_IMPLICIT_RETAIN_SELF = YES;
				CLANG_WARN_OBJC_LITERAL_CONVERSION = YES;
				CLANG_WARN_OBJC_ROOT_CLASS = YES_ERROR;
				CLANG_WARN_QUOTED_INCLUDE_IN_FRAMEWORK_HEADER = YES;
				CLANG_WARN_RANGE_LOOP_ANALYSIS = YES;
				CLANG_WARN_STRICT_PROTOTYPES = YES;
				CLANG_WARN_SUSPICIOUS_MOVE = YES;
				CLANG_WARN_UNGUARDED_AVAILABILITY = YES_AGGRESSIVE;
				CLANG_WARN_UNREACHABLE_CODE = YES;
				CLANG_WARN__DUPLICATE_METHOD_MATCH = YES;
				COPY_PHASE_STRIP = NO;
				DEBUG_INFORMATION_FORMAT = dwarf;
				ENABLE_STRICT_OBJC_MSGSEND = YES;
				ENABLE_TESTABILITY = YES;
				ENABLE_USER_SCRIPT_SANDBOXING = YES;
				GCC_C_LANGUAGE_STANDARD = gnu17;
				GCC_DYNAMIC_NO_PIC = NO;
				GCC_NO_COMMON_BLOCKS = YES;
				GCC_OPTIMIZATION_LEVEL = 0;
				GCC_PREPROCESSOR_DEFINITIONS = (
					"DEBUG=1",
					"$(inherited)",
				);
				GCC_WARN_64_TO_32_BIT_CONVERSION = YES;
				GCC_WARN_ABOUT_RETURN_TYPE = YES_ERROR;
				GCC_WARN_UNDECLARED_SELECTOR = YES;
				GCC_WARN_UNINITIALIZED_AUTOS = YES_AGGRESSIVE;
				GCC_WARN_UNUSED_FUNCTION = YES;
				GCC_WARN_UNUSED_VARIABLE = YES;
				IPHONEOS_DEPLOYMENT_TARGET = 17.5;
				LOCALIZATION_PREFERS_STRING_CATALOGS = YES;
				MTL_ENABLE_DEBUG_INFO = INCLUDE_SOURCE;
				MTL_FAST_MATH = YES;
				ONLY_ACTIVE_ARCH = YES;
				SDKROOT = iphoneos;
				SWIFT_ACTIVE_COMPILATION_CONDITIONS = "DEBUG $(inherited)";
				SWIFT_OPTIMIZATION_LEVEL = "-Onone";
			};
			name = Debug;
		};
		D6FF3D462D7FA15300C7DE64 /* Release */ = {
			isa = XCBuildConfiguration;
			buildSettings = {
				ALWAYS_SEARCH_USER_PATHS = NO;
				ASSETCATALOG_COMPILER_GENERATE_SWIFT_ASSET_SYMBOL_EXTENSIONS = YES;
				CLANG_ANALYZER_NONNULL = YES;
				CLANG_ANALYZER_NUMBER_OBJECT_CONVERSION = YES_AGGRESSIVE;
				CLANG_CXX_LANGUAGE_STANDARD = "gnu++20";
				CLANG_ENABLE_MODULES = YES;
				CLANG_ENABLE_OBJC_ARC = YES;
				CLANG_ENABLE_OBJC_WEAK = YES;
				CLANG_WARN_BLOCK_CAPTURE_AUTORELEASING = YES;
				CLANG_WARN_BOOL_CONVERSION = YES;
				CLANG_WARN_COMMA = YES;
				CLANG_WARN_CONSTANT_CONVERSION = YES;
				CLANG_WARN_DEPRECATED_OBJC_IMPLEMENTATIONS = YES;
				CLANG_WARN_DIRECT_OBJC_ISA_USAGE = YES_ERROR;
				CLANG_WARN_DOCUMENTATION_COMMENTS = YES;
				CLANG_WARN_EMPTY_BODY = YES;
				CLANG_WARN_ENUM_CONVERSION = YES;
				CLANG_WARN_INFINITE_RECURSION = YES;
				CLANG_WARN_INT_CONVERSION = YES;
				CLANG_WARN_NON_LITERAL_NULL_CONVERSION = YES;
				CLANG_WARN_OBJC_IMPLICIT_RETAIN_SELF = YES;
				CLANG_WARN_OBJC_LITERAL_CONVERSION = YES;
				CLANG_WARN_OBJC_ROOT_CLASS = YES_ERROR;
				CLANG_WARN_QUOTED_INCLUDE_IN_FRAMEWORK_HEADER = YES;
				CLANG_WARN_RANGE_LOOP_ANALYSIS = YES;
				CLANG_WARN_STRICT_PROTOTYPES = YES;
				CLANG_WARN_SUSPICIOUS_MOVE = YES;
				CLANG_WARN_UNGUARDED_AVAILABILITY = YES_AGGRESSIVE;
				CLANG_WARN_UNREACHABLE_CODE = YES;
				CLANG_WARN__DUPLICATE_METHOD_MATCH = YES;
				COPY_PHASE_STRIP = NO;
				DEBUG_INFORMATION_FORMAT = "dwarf-with-dsym";
				ENABLE_NS_ASSERTIONS = NO;
				ENABLE_STRICT_OBJC_MSGSEND = YES;
				ENABLE_USER_SCRIPT_SANDBOXING = YES;
				GCC_C_LANGUAGE_STANDARD = gnu17;
				GCC_NO_COMMON_BLOCKS = YES;
				GCC_WARN_64_TO_32_BIT_CONVERSION = YES;
				GCC_WARN_ABOUT_RETURN_TYPE = YES_ERROR;
				GCC_WARN_UNDECLARED_SELECTOR = YES;
				GCC_WARN_UNINITIALIZED_AUTOS = YES_AGGRESSIVE;
				GCC_WARN_UNUSED_FUNCTION = YES;
				GCC_WARN_UNUSED_VARIABLE = YES;
				IPHONEOS_DEPLOYMENT_TARGET = 17.5;
				LOCALIZATION_PREFERS_STRING_CATALOGS = YES;
				MTL_ENABLE_DEBUG_INFO = NO;
				MTL_FAST_MATH = YES;
				SDKROOT = iphoneos;
				SWIFT_COMPILATION_MODE = wholemodule;
				VALIDATE_PRODUCT = YES;
			};
			name = Release;
		};
		D6FF3D482D7FA15300C7DE64 /* Debug */ = {
			isa = XCBuildConfiguration;
			buildSettings = {
				ASSETCATALOG_COMPILER_APPICON_NAME = AppIcon;
				ASSETCATALOG_COMPILER_GLOBAL_ACCENT_COLOR_NAME = AccentColor;
				CODE_SIGN_STYLE = Automatic;
				CURRENT_PROJECT_VERSION = 1;
				DEVELOPMENT_TEAM = 9KK8ARQW28;
				GENERATE_INFOPLIST_FILE = YES;
				INFOPLIST_FILE = RickAndMorty/Info.plist;
				INFOPLIST_KEY_UIApplicationSupportsIndirectInputEvents = YES;
				INFOPLIST_KEY_UILaunchStoryboardName = LaunchScreen;
				INFOPLIST_KEY_UISupportedInterfaceOrientations_iPad = "UIInterfaceOrientationPortrait UIInterfaceOrientationPortraitUpsideDown UIInterfaceOrientationLandscapeLeft UIInterfaceOrientationLandscapeRight";
				INFOPLIST_KEY_UISupportedInterfaceOrientations_iPhone = "UIInterfaceOrientationPortrait UIInterfaceOrientationLandscapeLeft UIInterfaceOrientationLandscapeRight";
				LD_RUNPATH_SEARCH_PATHS = (
					"$(inherited)",
					"@executable_path/Frameworks",
				);
				MARKETING_VERSION = 1.0;
				PRODUCT_BUNDLE_IDENTIFIER = thamenezs.RickAndMorty;
				PRODUCT_NAME = "$(TARGET_NAME)";
				SWIFT_EMIT_LOC_STRINGS = YES;
				SWIFT_VERSION = 5.0;
				TARGETED_DEVICE_FAMILY = "1,2";
			};
			name = Debug;
		};
		D6FF3D492D7FA15300C7DE64 /* Release */ = {
			isa = XCBuildConfiguration;
			buildSettings = {
				ASSETCATALOG_COMPILER_APPICON_NAME = AppIcon;
				ASSETCATALOG_COMPILER_GLOBAL_ACCENT_COLOR_NAME = AccentColor;
				CODE_SIGN_STYLE = Automatic;
				CURRENT_PROJECT_VERSION = 1;
				DEVELOPMENT_TEAM = 9KK8ARQW28;
				GENERATE_INFOPLIST_FILE = YES;
				INFOPLIST_FILE = RickAndMorty/Info.plist;
				INFOPLIST_KEY_UIApplicationSupportsIndirectInputEvents = YES;
				INFOPLIST_KEY_UILaunchStoryboardName = LaunchScreen;
				INFOPLIST_KEY_UISupportedInterfaceOrientations_iPad = "UIInterfaceOrientationPortrait UIInterfaceOrientationPortraitUpsideDown UIInterfaceOrientationLandscapeLeft UIInterfaceOrientationLandscapeRight";
				INFOPLIST_KEY_UISupportedInterfaceOrientations_iPhone = "UIInterfaceOrientationPortrait UIInterfaceOrientationLandscapeLeft UIInterfaceOrientationLandscapeRight";
				LD_RUNPATH_SEARCH_PATHS = (
					"$(inherited)",
					"@executable_path/Frameworks",
				);
				MARKETING_VERSION = 1.0;
				PRODUCT_BUNDLE_IDENTIFIER = thamenezs.RickAndMorty;
				PRODUCT_NAME = "$(TARGET_NAME)";
				SWIFT_EMIT_LOC_STRINGS = YES;
				SWIFT_VERSION = 5.0;
				TARGETED_DEVICE_FAMILY = "1,2";
			};
			name = Release;
		};
/* End XCBuildConfiguration section */

/* Begin XCConfigurationList section */
		D6FF3D2E2D7FA15100C7DE64 /* Build configuration list for PBXProject "RickAndMorty" */ = {
			isa = XCConfigurationList;
			buildConfigurations = (
				D6FF3D452D7FA15300C7DE64 /* Debug */,
				D6FF3D462D7FA15300C7DE64 /* Release */,
			);
			defaultConfigurationIsVisible = 0;
			defaultConfigurationName = Release;
		};
		D6FF3D472D7FA15300C7DE64 /* Build configuration list for PBXNativeTarget "RickAndMorty" */ = {
			isa = XCConfigurationList;
			buildConfigurations = (
				D6FF3D482D7FA15300C7DE64 /* Debug */,
				D6FF3D492D7FA15300C7DE64 /* Release */,
			);
			defaultConfigurationIsVisible = 0;
			defaultConfigurationName = Release;
		};
/* End XCConfigurationList section */
	};
	rootObject = D6FF3D2B2D7FA15100C7DE64 /* Project object */;
}
